{
  "name": "demo-docker-cypress-included",
  "version": "1.0.0",
  "lockfileVersion": 1,
  "requires": true,
  "dependencies": {
    "axe-core": {
      "version": "4.1.1",
      "resolved": "https://registry.npmjs.org/axe-core/-/axe-core-4.1.1.tgz",
      "integrity": "sha512-5Kgy8Cz6LPC9DJcNb3yjAXTu3XihQgEdnIg50c//zOC/MyLP0Clg+Y8Sh9ZjjnvBrDZU4DgXS9C3T9r4/scGZQ==",
      "dev": true
    },
    "cypress-axe": {
      "version": "0.12.0",
      "resolved": "https://registry.npmjs.org/cypress-axe/-/cypress-axe-0.12.0.tgz",
      "integrity": "sha512-NF/bMxU6KaxhSqfJysBtX3Buw92aBgct1kR+eqCTwoU1bmqMjAzxxRZY5UaWTxmxQeVRb7Bv4yXNNzu0JDkK/g==",
      "dev": true
    }
  }
}
